
Microsoft Visual Studio Solution File, Format Version 12.00
# Visual Studio Version 17
VisualStudioVersion = 17.5.2.0
MinimumVisualStudioVersion = 10.0.40219.1
Project("{FAE04EC0-301F-11D3-BF4B-00C04F79EFBC}") = "QuantityMeasurementApp.Tests", "QuantityMeasurementApp.Tests\QuantityMeasurementApp.Tests.csproj", "{BFF75C40-DCA5-5A7B-B3CB-EA83D3CE7B3D}"
EndProject
Project("{FAE04EC0-301F-11D3-BF4B-00C04F79EFBC}") = "QuantityMeasurementModelLayer", "QuantityMeasurementModelLayer\QuantityMeasurementModelLayer.csproj", "{EB86019C-8754-45D4-AD36-BF82340B5E05}"
EndProject
Project("{FAE04EC0-301F-11D3-BF4B-00C04F79EFBC}") = "QuantityMeasurementRepositoryLayer", "QuantityMeasurementRepositoryLayer\QuantityMeasurementRepositoryLayer.csproj", "{778D6304-DD58-420C-AF18-A00EC767D882}"
EndProject
Project("{FAE04EC0-301F-11D3-BF4B-00C04F79EFBC}") = "QuantityMeasurementBusinessLayer", "QuantityMeasurementBusinessLayer\QuantityMeasurementBusinessLayer.csproj", "{5609506F-BAEE-49C5-A211-1F2E07AB3EE5}"
EndProject
Project("{FAE04EC0-301F-11D3-BF4B-00C04F79EFBC}") = "QuantityMeasurementConsoleApp", "QuantityMeasurementConsoleApp\QuantityMeasurementConsoleApp.csproj", "{E75659C2-F26E-4C0F-A6D7-1391A1A190C0}"
EndProject
Global
	GlobalSection(SolutionConfigurationPlatforms) = preSolution
		Debug|Any CPU = Debug|Any CPU
		Debug|x64 = Debug|x64
		Debug|x86 = Debug|x86
		Release|Any CPU = Release|Any CPU
		Release|x64 = Release|x64
		Release|x86 = Release|x86
	EndGlobalSection
	GlobalSection(ProjectConfigurationPlatforms) = postSolution
		{BFF75C40-DCA5-5A7B-B3CB-EA83D3CE7B3D}.Debug|Any CPU.ActiveCfg = Debug|Any CPU
		{BFF75C40-DCA5-5A7B-B3CB-EA83D3CE7B3D}.Debug|Any CPU.Build.0 = Debug|Any CPU
		{BFF75C40-DCA5-5A7B-B3CB-EA83D3CE7B3D}.Debug|x64.ActiveCfg = Debug|Any CPU
		{BFF75C40-DCA5-5A7B-B3CB-EA83D3CE7B3D}.Debug|x64.Build.0 = Debug|Any CPU
		{BFF75C40-DCA5-5A7B-B3CB-EA83D3CE7B3D}.Debug|x86.ActiveCfg = Debug|Any CPU
		{BFF75C40-DCA5-5A7B-B3CB-EA83D3CE7B3D}.Debug|x86.Build.0 = Debug|Any CPU
		{BFF75C40-DCA5-5A7B-B3CB-EA83D3CE7B3D}.Release|Any CPU.ActiveCfg = Release|Any CPU
		{BFF75C40-DCA5-5A7B-B3CB-EA83D3CE7B3D}.Release|Any CPU.Build.0 = Release|Any CPU
		{BFF75C40-DCA5-5A7B-B3CB-EA83D3CE7B3D}.Release|x64.ActiveCfg = Release|Any CPU
		{BFF75C40-DCA5-5A7B-B3CB-EA83D3CE7B3D}.Release|x64.Build.0 = Release|Any CPU
		{BFF75C40-DCA5-5A7B-B3CB-EA83D3CE7B3D}.Release|x86.ActiveCfg = Release|Any CPU
		{BFF75C40-DCA5-5A7B-B3CB-EA83D3CE7B3D}.Release|x86.Build.0 = Release|Any CPU
		{EB86019C-8754-45D4-AD36-BF82340B5E05}.Debug|Any CPU.ActiveCfg = Debug|Any CPU
		{EB86019C-8754-45D4-AD36-BF82340B5E05}.Debug|Any CPU.Build.0 = Debug|Any CPU
		{EB86019C-8754-45D4-AD36-BF82340B5E05}.Debug|x64.ActiveCfg = Debug|Any CPU
		{EB86019C-8754-45D4-AD36-BF82340B5E05}.Debug|x64.Build.0 = Debug|Any CPU
		{EB86019C-8754-45D4-AD36-BF82340B5E05}.Debug|x86.ActiveCfg = Debug|Any CPU
		{EB86019C-8754-45D4-AD36-BF82340B5E05}.Debug|x86.Build.0 = Debug|Any CPU
		{EB86019C-8754-45D4-AD36-BF82340B5E05}.Release|Any CPU.ActiveCfg = Release|Any CPU
		{EB86019C-8754-45D4-AD36-BF82340B5E05}.Release|Any CPU.Build.0 = Release|Any CPU
		{EB86019C-8754-45D4-AD36-BF82340B5E05}.Release|x64.ActiveCfg = Release|Any CPU
		{EB86019C-8754-45D4-AD36-BF82340B5E05}.Release|x64.Build.0 = Release|Any CPU
		{EB86019C-8754-45D4-AD36-BF82340B5E05}.Release|x86.ActiveCfg = Release|Any CPU
		{EB86019C-8754-45D4-AD36-BF82340B5E05}.Release|x86.Build.0 = Release|Any CPU
		{778D6304-DD58-420C-AF18-A00EC767D882}.Debug|Any CPU.ActiveCfg = Debug|Any CPU
		{778D6304-DD58-420C-AF18-A00EC767D882}.Debug|Any CPU.Build.0 = Debug|Any CPU
		{778D6304-DD58-420C-AF18-A00EC767D882}.Debug|x64.ActiveCfg = Debug|Any CPU
		{778D6304-DD58-420C-AF18-A00EC767D882}.Debug|x64.Build.0 = Debug|Any CPU
		{778D6304-DD58-420C-AF18-A00EC767D882}.Debug|x86.ActiveCfg = Debug|Any CPU
		{778D6304-DD58-420C-AF18-A00EC767D882}.Debug|x86.Build.0 = Debug|Any CPU
		{778D6304-DD58-420C-AF18-A00EC767D882}.Release|Any CPU.ActiveCfg = Release|Any CPU
		{778D6304-DD58-420C-AF18-A00EC767D882}.Release|Any CPU.Build.0 = Release|Any CPU
		{778D6304-DD58-420C-AF18-A00EC767D882}.Release|x64.ActiveCfg = Release|Any CPU
		{778D6304-DD58-420C-AF18-A00EC767D882}.Release|x64.Build.0 = Release|Any CPU
		{778D6304-DD58-420C-AF18-A00EC767D882}.Release|x86.ActiveCfg = Release|Any CPU
		{778D6304-DD58-420C-AF18-A00EC767D882}.Release|x86.Build.0 = Release|Any CPU
		{5609506F-BAEE-49C5-A211-1F2E07AB3EE5}.Debug|Any CPU.ActiveCfg = Debug|Any CPU
		{5609506F-BAEE-49C5-A211-1F2E07AB3EE5}.Debug|Any CPU.Build.0 = Debug|Any CPU
		{5609506F-BAEE-49C5-A211-1F2E07AB3EE5}.Debug|x64.ActiveCfg = Debug|Any CPU
		{5609506F-BAEE-49C5-A211-1F2E07AB3EE5}.Debug|x64.Build.0 = Debug|Any CPU
		{5609506F-BAEE-49C5-A211-1F2E07AB3EE5}.Debug|x86.ActiveCfg = Debug|Any CPU
		{5609506F-BAEE-49C5-A211-1F2E07AB3EE5}.Debug|x86.Build.0 = Debug|Any CPU
		{5609506F-BAEE-49C5-A211-1F2E07AB3EE5}.Release|Any CPU.ActiveCfg = Release|Any CPU
		{5609506F-BAEE-49C5-A211-1F2E07AB3EE5}.Release|Any CPU.Build.0 = Release|Any CPU
		{5609506F-BAEE-49C5-A211-1F2E07AB3EE5}.Release|x64.ActiveCfg = Release|Any CPU
		{5609506F-BAEE-49C5-A211-1F2E07AB3EE5}.Release|x64.Build.0 = Release|Any CPU
		{5609506F-BAEE-49C5-A211-1F2E07AB3EE5}.Release|x86.ActiveCfg = Release|Any CPU
		{5609506F-BAEE-49C5-A211-1F2E07AB3EE5}.Release|x86.Build.0 = Release|Any CPU
		{E75659C2-F26E-4C0F-A6D7-1391A1A190C0}.Debug|Any CPU.ActiveCfg = Debug|Any CPU
		{E75659C2-F26E-4C0F-A6D7-1391A1A190C0}.Debug|Any CPU.Build.0 = Debug|Any CPU
		{E75659C2-F26E-4C0F-A6D7-1391A1A190C0}.Debug|x64.ActiveCfg = Debug|Any CPU
		{E75659C2-F26E-4C0F-A6D7-1391A1A190C0}.Debug|x64.Build.0 = Debug|Any CPU
		{E75659C2-F26E-4C0F-A6D7-1391A1A190C0}.Debug|x86.ActiveCfg = Debug|Any CPU
		{E75659C2-F26E-4C0F-A6D7-1391A1A190C0}.Debug|x86.Build.0 = Debug|Any CPU
		{E75659C2-F26E-4C0F-A6D7-1391A1A190C0}.Release|Any CPU.ActiveCfg = Release|Any CPU
		{E75659C2-F26E-4C0F-A6D7-1391A1A190C0}.Release|Any CPU.Build.0 = Release|Any CPU
		{E75659C2-F26E-4C0F-A6D7-1391A1A190C0}.Release|x64.ActiveCfg = Release|Any CPU
		{E75659C2-F26E-4C0F-A6D7-1391A1A190C0}.Release|x64.Build.0 = Release|Any CPU
		{E75659C2-F26E-4C0F-A6D7-1391A1A190C0}.Release|x86.ActiveCfg = Release|Any CPU
		{E75659C2-F26E-4C0F-A6D7-1391A1A190C0}.Release|x86.Build.0 = Release|Any CPU
	EndGlobalSection
	GlobalSection(SolutionProperties) = preSolution
		HideSolutionNode = FALSE
	EndGlobalSection
	GlobalSection(ExtensibilityGlobals) = postSolution
		SolutionGuid = {01178360-0DA5-4687-9698-83B187E8AE18}
	EndGlobalSection
EndGlobal
